
Microsoft Visual Studio Solution File, Format Version 12.00
# Visual Studio Version 17
VisualStudioVersion = 17.4.33110.190
MinimumVisualStudioVersion = 10.0.40219.1
Project("{F184B08F-C81C-45F6-A57F-5ABD9991F28F}") = "MukFoodSpot", "MukFoodSpot\MukFoodSpot.vbproj", "{21F7C5A0-5E7A-4A1C-A9A6-340D7A7B0B67}"
EndProject
Global
	GlobalSection(SolutionConfigurationPlatforms) = preSolution
		Debug|Any CPU = Debug|Any CPU
		Release|Any CPU = Release|Any CPU
	EndGlobalSection
	GlobalSection(ProjectConfigurationPlatforms) = postSolution
		{21F7C5A0-5E7A-4A1C-A9A6-340D7A7B0B67}.Debug|Any CPU.ActiveCfg = Debug|Any CPU
		{21F7C5A0-5E7A-4A1C-A9A6-340D7A7B0B67}.Debug|Any CPU.Build.0 = Debug|Any CPU
		{21F7C5A0-5E7A-4A1C-A9A6-340D7A7B0B67}.Release|Any CPU.ActiveCfg = Release|Any CPU
		{21F7C5A0-5E7A-4A1C-A9A6-340D7A7B0B67}.Release|Any CPU.Build.0 = Release|Any CPU
	EndGlobalSection
	GlobalSection(SolutionProperties) = preSolution
		HideSolutionNode = FALSE
	EndGlobalSection
	GlobalSection(ExtensibilityGlobals) = postSolution
		SolutionGuid = {89A8DA6B-0018-429E-AF98-21DEE2DA457E}
	EndGlobalSection
EndGlobal
